
Microsoft Visual Studio Solution File, Format Version 12.00
# Visual Studio Version 16
VisualStudioVersion = 16.0.30717.126
MinimumVisualStudioVersion = 10.0.40219.1
Project("{FAE04EC0-301F-11D3-BF4B-00C04F79EFBC}") = "Artemkin.HomeWork.26.11", "Artemkin.HomeWork.26.11\Artemkin.HomeWork.26.11.csproj", "{2940259E-CCC8-4984-9065-4F6A9AFFF7C5}"
EndProject
Global
	GlobalSection(SolutionConfigurationPlatforms) = preSolution
		Debug|Any CPU = Debug|Any CPU
		Release|Any CPU = Release|Any CPU
	EndGlobalSection
	GlobalSection(ProjectConfigurationPlatforms) = postSolution
		{2940259E-CCC8-4984-9065-4F6A9AFFF7C5}.Debug|Any CPU.ActiveCfg = Debug|Any CPU
		{2940259E-CCC8-4984-9065-4F6A9AFFF7C5}.Debug|Any CPU.Build.0 = Debug|Any CPU
		{2940259E-CCC8-4984-9065-4F6A9AFFF7C5}.Release|Any CPU.ActiveCfg = Release|Any CPU
		{2940259E-CCC8-4984-9065-4F6A9AFFF7C5}.Release|Any CPU.Build.0 = Release|Any CPU
	EndGlobalSection
	GlobalSection(SolutionProperties) = preSolution
		HideSolutionNode = FALSE
	EndGlobalSection
	GlobalSection(ExtensibilityGlobals) = postSolution
		SolutionGuid = {1BBA0947-705D-4547-BB60-CD3FA861563A}
	EndGlobalSection
EndGlobal
